
Microsoft Visual Studio Solution File, Format Version 12.00
# Visual Studio Version 17
VisualStudioVersion = 17.12.35527.113
MinimumVisualStudioVersion = 10.0.40219.1
Project("{2150E333-8FDC-42A3-9474-1A3956D46DE8}") = "BookingService", "BookingService", "{07582667-0166-4CA0-90EE-FD3E10C2837E}"
EndProject
Project("{2150E333-8FDC-42A3-9474-1A3956D46DE8}") = "Adapters", "Adapters", "{5BFA928C-6DE4-4B6F-8B12-39EFBC76F963}"
EndProject
Project("{2150E333-8FDC-42A3-9474-1A3956D46DE8}") = "Consumers", "Consumers", "{784498FE-F437-4528-A4DD-DFB500117E57}"
EndProject
Project("{2150E333-8FDC-42A3-9474-1A3956D46DE8}") = "Core", "Core", "{53A4908B-87AD-4040-82EC-C6CA3C0C74B7}"
EndProject
Project("{2150E333-8FDC-42A3-9474-1A3956D46DE8}") = "Application", "Application", "{BC2840E1-54B6-4B05-B5E6-ACE9A9A8B6DF}"
EndProject
Project("{2150E333-8FDC-42A3-9474-1A3956D46DE8}") = "Domain", "Domain", "{3B334B76-3459-4ED9-8AC0-6D909AE31D1C}"
EndProject
Project("{2150E333-8FDC-42A3-9474-1A3956D46DE8}") = "Tests", "Tests", "{3453E46E-E1D1-431D-A5EA-AB0ABD3B6553}"
EndProject
Project("{2150E333-8FDC-42A3-9474-1A3956D46DE8}") = "PaymentService", "PaymentService", "{A3620C95-FCA0-4164-9B01-EEAF42C7B040}"
EndProject
Project("{2150E333-8FDC-42A3-9474-1A3956D46DE8}") = "Domain", "Domain", "{A6795ADC-027F-4E8E-B255-23FE2AF9CF52}"
EndProject
Project("{2150E333-8FDC-42A3-9474-1A3956D46DE8}") = "Application", "Application", "{42ECDA88-03A3-4CAD-865B-49055889AE0E}"
EndProject
Project("{2150E333-8FDC-42A3-9474-1A3956D46DE8}") = "Adapters", "Adapters", "{AC88CBFF-27C9-4DB1-9C1C-B4D00263E3EE}"
EndProject
Project("{FAE04EC0-301F-11D3-BF4B-00C04F79EFBC}") = "DomainTests", "BookingService\Tests\Domain\DomainTests\DomainTests.csproj", "{7DCF2F65-AEE6-4323-A5F5-BF2E1146E229}"
EndProject
Project("{FAE04EC0-301F-11D3-BF4B-00C04F79EFBC}") = "ApplicationTests", "BookingService\Tests\Application\ApplicationTests\ApplicationTests.csproj", "{532D9597-A2CB-4B3B-8408-0773FAE0D312}"
EndProject
Project("{FAE04EC0-301F-11D3-BF4B-00C04F79EFBC}") = "AdaptersTests", "BookingService\Tests\Adapters\AdaptersTests\AdaptersTests.csproj", "{0F24E9CC-D008-417B-BF29-D53DDFA5ADA4}"
EndProject
Project("{FAE04EC0-301F-11D3-BF4B-00C04F79EFBC}") = "API", "BookingService\Consumers\API\API.csproj", "{7591A27A-A723-4474-AC25-E9DC2C1397C6}"
EndProject
Project("{FAE04EC0-301F-11D3-BF4B-00C04F79EFBC}") = "Data", "BookingService\Adapters\Data\Data.csproj", "{523D1C77-A2F3-4A61-B6FB-FE4CB9E0AEDB}"
EndProject
Project("{FAE04EC0-301F-11D3-BF4B-00C04F79EFBC}") = "Application", "BookingService\Core\Application\Application.csproj", "{5018B3E5-0C58-43E0-80B8-85B2C893CEB1}"
EndProject
Project("{FAE04EC0-301F-11D3-BF4B-00C04F79EFBC}") = "Domain", "BookingService\Core\Domain\Domain.csproj", "{F28ED992-27CD-435F-96F3-B0D42FD0F9E4}"
EndProject
Global
	GlobalSection(SolutionConfigurationPlatforms) = preSolution
		Debug|Any CPU = Debug|Any CPU
		Release|Any CPU = Release|Any CPU
	EndGlobalSection
	GlobalSection(ProjectConfigurationPlatforms) = postSolution
		{7DCF2F65-AEE6-4323-A5F5-BF2E1146E229}.Debug|Any CPU.ActiveCfg = Debug|Any CPU
		{7DCF2F65-AEE6-4323-A5F5-BF2E1146E229}.Debug|Any CPU.Build.0 = Debug|Any CPU
		{7DCF2F65-AEE6-4323-A5F5-BF2E1146E229}.Release|Any CPU.ActiveCfg = Release|Any CPU
		{7DCF2F65-AEE6-4323-A5F5-BF2E1146E229}.Release|Any CPU.Build.0 = Release|Any CPU
		{532D9597-A2CB-4B3B-8408-0773FAE0D312}.Debug|Any CPU.ActiveCfg = Debug|Any CPU
		{532D9597-A2CB-4B3B-8408-0773FAE0D312}.Debug|Any CPU.Build.0 = Debug|Any CPU
		{532D9597-A2CB-4B3B-8408-0773FAE0D312}.Release|Any CPU.ActiveCfg = Release|Any CPU
		{532D9597-A2CB-4B3B-8408-0773FAE0D312}.Release|Any CPU.Build.0 = Release|Any CPU
		{0F24E9CC-D008-417B-BF29-D53DDFA5ADA4}.Debug|Any CPU.ActiveCfg = Debug|Any CPU
		{0F24E9CC-D008-417B-BF29-D53DDFA5ADA4}.Debug|Any CPU.Build.0 = Debug|Any CPU
		{0F24E9CC-D008-417B-BF29-D53DDFA5ADA4}.Release|Any CPU.ActiveCfg = Release|Any CPU
		{0F24E9CC-D008-417B-BF29-D53DDFA5ADA4}.Release|Any CPU.Build.0 = Release|Any CPU
		{7591A27A-A723-4474-AC25-E9DC2C1397C6}.Debug|Any CPU.ActiveCfg = Debug|Any CPU
		{7591A27A-A723-4474-AC25-E9DC2C1397C6}.Debug|Any CPU.Build.0 = Debug|Any CPU
		{7591A27A-A723-4474-AC25-E9DC2C1397C6}.Release|Any CPU.ActiveCfg = Release|Any CPU
		{7591A27A-A723-4474-AC25-E9DC2C1397C6}.Release|Any CPU.Build.0 = Release|Any CPU
		{523D1C77-A2F3-4A61-B6FB-FE4CB9E0AEDB}.Debug|Any CPU.ActiveCfg = Debug|Any CPU
		{523D1C77-A2F3-4A61-B6FB-FE4CB9E0AEDB}.Debug|Any CPU.Build.0 = Debug|Any CPU
		{523D1C77-A2F3-4A61-B6FB-FE4CB9E0AEDB}.Release|Any CPU.ActiveCfg = Release|Any CPU
		{523D1C77-A2F3-4A61-B6FB-FE4CB9E0AEDB}.Release|Any CPU.Build.0 = Release|Any CPU
		{5018B3E5-0C58-43E0-80B8-85B2C893CEB1}.Debug|Any CPU.ActiveCfg = Debug|Any CPU
		{5018B3E5-0C58-43E0-80B8-85B2C893CEB1}.Debug|Any CPU.Build.0 = Debug|Any CPU
		{5018B3E5-0C58-43E0-80B8-85B2C893CEB1}.Release|Any CPU.ActiveCfg = Release|Any CPU
		{5018B3E5-0C58-43E0-80B8-85B2C893CEB1}.Release|Any CPU.Build.0 = Release|Any CPU
		{F28ED992-27CD-435F-96F3-B0D42FD0F9E4}.Debug|Any CPU.ActiveCfg = Debug|Any CPU
		{F28ED992-27CD-435F-96F3-B0D42FD0F9E4}.Debug|Any CPU.Build.0 = Debug|Any CPU
		{F28ED992-27CD-435F-96F3-B0D42FD0F9E4}.Release|Any CPU.ActiveCfg = Release|Any CPU
		{F28ED992-27CD-435F-96F3-B0D42FD0F9E4}.Release|Any CPU.Build.0 = Release|Any CPU
	EndGlobalSection
	GlobalSection(SolutionProperties) = preSolution
		HideSolutionNode = FALSE
	EndGlobalSection
	GlobalSection(NestedProjects) = preSolution
		{5BFA928C-6DE4-4B6F-8B12-39EFBC76F963} = {07582667-0166-4CA0-90EE-FD3E10C2837E}
		{784498FE-F437-4528-A4DD-DFB500117E57} = {07582667-0166-4CA0-90EE-FD3E10C2837E}
		{53A4908B-87AD-4040-82EC-C6CA3C0C74B7} = {07582667-0166-4CA0-90EE-FD3E10C2837E}
		{BC2840E1-54B6-4B05-B5E6-ACE9A9A8B6DF} = {53A4908B-87AD-4040-82EC-C6CA3C0C74B7}
		{3B334B76-3459-4ED9-8AC0-6D909AE31D1C} = {53A4908B-87AD-4040-82EC-C6CA3C0C74B7}
		{3453E46E-E1D1-431D-A5EA-AB0ABD3B6553} = {07582667-0166-4CA0-90EE-FD3E10C2837E}
		{A6795ADC-027F-4E8E-B255-23FE2AF9CF52} = {3453E46E-E1D1-431D-A5EA-AB0ABD3B6553}
		{42ECDA88-03A3-4CAD-865B-49055889AE0E} = {3453E46E-E1D1-431D-A5EA-AB0ABD3B6553}
		{AC88CBFF-27C9-4DB1-9C1C-B4D00263E3EE} = {3453E46E-E1D1-431D-A5EA-AB0ABD3B6553}
		{7DCF2F65-AEE6-4323-A5F5-BF2E1146E229} = {A6795ADC-027F-4E8E-B255-23FE2AF9CF52}
		{532D9597-A2CB-4B3B-8408-0773FAE0D312} = {42ECDA88-03A3-4CAD-865B-49055889AE0E}
		{0F24E9CC-D008-417B-BF29-D53DDFA5ADA4} = {AC88CBFF-27C9-4DB1-9C1C-B4D00263E3EE}
		{7591A27A-A723-4474-AC25-E9DC2C1397C6} = {784498FE-F437-4528-A4DD-DFB500117E57}
		{523D1C77-A2F3-4A61-B6FB-FE4CB9E0AEDB} = {5BFA928C-6DE4-4B6F-8B12-39EFBC76F963}
		{5018B3E5-0C58-43E0-80B8-85B2C893CEB1} = {BC2840E1-54B6-4B05-B5E6-ACE9A9A8B6DF}
		{F28ED992-27CD-435F-96F3-B0D42FD0F9E4} = {3B334B76-3459-4ED9-8AC0-6D909AE31D1C}
	EndGlobalSection
EndGlobal
